
Microsoft Visual Studio Solution File, Format Version 11.00
# Visual C++ Express 2010
Project("{8BC9CEB8-8B4A-11D0-8D11-00A0C91BC942}") = "ssize", "ssize\ssize.vcxproj", "{990DE798-E73E-4328-B880-601C46CB5B08}"
	ProjectSection(ProjectDependencies) = postProject
		{2B465403-1FE3-4D88-94FA-D2B88AB3D7BB} = {2B465403-1FE3-4D88-94FA-D2B88AB3D7BB}
		{0B25A118-C2C8-47D2-9079-FCF152897026} = {0B25A118-C2C8-47D2-9079-FCF152897026}
		{B74D8420-D90E-4490-9469-C3445B7A527C} = {B74D8420-D90E-4490-9469-C3445B7A527C}
		{C6CDE82B-BF65-42F7-9D06-CD9DE67A9217} = {C6CDE82B-BF65-42F7-9D06-CD9DE67A9217}
		{7630B83C-E138-4868-8429-2E66C3225DC1} = {7630B83C-E138-4868-8429-2E66C3225DC1}
		{1B81B158-2A87-4146-BFF0-AD7F58EAD9F6} = {1B81B158-2A87-4146-BFF0-AD7F58EAD9F6}
		{EE7A5B5C-D065-4A91-8979-EE5E631D07FB} = {EE7A5B5C-D065-4A91-8979-EE5E631D07FB}
		{934ACF7A-A021-4F82-963E-C9CE687D14A7} = {934ACF7A-A021-4F82-963E-C9CE687D14A7}
		{1C2BBF84-4DC3-40D5-B8A5-E52047FBB7EB} = {1C2BBF84-4DC3-40D5-B8A5-E52047FBB7EB}
		{822DB29B-50FA-4B68-BA08-285687EC8355} = {822DB29B-50FA-4B68-BA08-285687EC8355}
		{7617A2A8-476B-4BF6-962E-7DDD9D496FFC} = {7617A2A8-476B-4BF6-962E-7DDD9D496FFC}
		{53F600D3-8F2A-49DF-B59E-C490FCC69A67} = {53F600D3-8F2A-49DF-B59E-C490FCC69A67}
		{AE48C2D9-4F2D-409E-B55E-0169573FCBB1} = {AE48C2D9-4F2D-409E-B55E-0169573FCBB1}
		{4CF8DAE5-E082-4335-B8E7-23C77C3474DF} = {4CF8DAE5-E082-4335-B8E7-23C77C3474DF}
	EndProjectSection
EndProject
Project("{8BC9CEB8-8B4A-11D0-8D11-00A0C91BC942}") = "alert", "..\lib\dll\alert\alert\alert.vcxproj", "{B74D8420-D90E-4490-9469-C3445B7A527C}"
EndProject
Project("{8BC9CEB8-8B4A-11D0-8D11-00A0C91BC942}") = "file", "..\lib\dll\file\file\file.vcxproj", "{1B81B158-2A87-4146-BFF0-AD7F58EAD9F6}"
EndProject
Project("{8BC9CEB8-8B4A-11D0-8D11-00A0C91BC942}") = "math", "..\lib\dll\math\math\math.vcxproj", "{7617A2A8-476B-4BF6-962E-7DDD9D496FFC}"
EndProject
Project("{8BC9CEB8-8B4A-11D0-8D11-00A0C91BC942}") = "regex", "..\lib\dll\regex\regex\regex.vcxproj", "{0B25A118-C2C8-47D2-9079-FCF152897026}"
EndProject
Project("{8BC9CEB8-8B4A-11D0-8D11-00A0C91BC942}") = "shell", "..\lib\dll\shell\shell\shell.vcxproj", "{934ACF7A-A021-4F82-963E-C9CE687D14A7}"
EndProject
Project("{8BC9CEB8-8B4A-11D0-8D11-00A0C91BC942}") = "socket", "..\lib\dll\socket\socket\socket.vcxproj", "{53F600D3-8F2A-49DF-B59E-C490FCC69A67}"
EndProject
Project("{8BC9CEB8-8B4A-11D0-8D11-00A0C91BC942}") = "sound", "..\lib\dll\sound\sound\sound.vcxproj", "{C6CDE82B-BF65-42F7-9D06-CD9DE67A9217}"
EndProject
Project("{8BC9CEB8-8B4A-11D0-8D11-00A0C91BC942}") = "ssz", "..\lib\dll\ssz\ssz\ssz.vcxproj", "{4CF8DAE5-E082-4335-B8E7-23C77C3474DF}"
EndProject
Project("{8BC9CEB8-8B4A-11D0-8D11-00A0C91BC942}") = "thread", "..\lib\dll\thread\thread\thread.vcxproj", "{822DB29B-50FA-4B68-BA08-285687EC8355}"
EndProject
Project("{8BC9CEB8-8B4A-11D0-8D11-00A0C91BC942}") = "time", "..\lib\dll\time\time\time.vcxproj", "{1C2BBF84-4DC3-40D5-B8A5-E52047FBB7EB}"
EndProject
Project("{8BC9CEB8-8B4A-11D0-8D11-00A0C91BC942}") = "lua", "..\lib\alpha\lua\lua\lua.vcxproj", "{7630B83C-E138-4868-8429-2E66C3225DC1}"
EndProject
Project("{8BC9CEB8-8B4A-11D0-8D11-00A0C91BC942}") = "mesdialog", "..\lib\alpha\mesdialog\mesdialog\mesdialog.vcxproj", "{AE48C2D9-4F2D-409E-B55E-0169573FCBB1}"
EndProject
Project("{8BC9CEB8-8B4A-11D0-8D11-00A0C91BC942}") = "ogg", "..\lib\alpha\ogg\ogg\ogg.vcxproj", "{2B465403-1FE3-4D88-94FA-D2B88AB3D7BB}"
EndProject
Project("{8BC9CEB8-8B4A-11D0-8D11-00A0C91BC942}") = "sdlplugin", "..\lib\alpha\sdlplugin\sdlplugin\sdlplugin.vcxproj", "{EE7A5B5C-D065-4A91-8979-EE5E631D07FB}"
	ProjectSection(ProjectDependencies) = postProject
		{2BD5534E-00E2-4BEA-AC96-D9A92EA24696} = {2BD5534E-00E2-4BEA-AC96-D9A92EA24696}
		{DDDBD07D-DC76-4AF6-8D02-3E2DEB6EE255} = {DDDBD07D-DC76-4AF6-8D02-3E2DEB6EE255}
		{81CE8DAF-EBB2-4761-8E45-B71ABCCA8C68} = {81CE8DAF-EBB2-4761-8E45-B71ABCCA8C68}
		{DA956FD3-E142-46F2-9DD5-C78BEBB56B7A} = {DA956FD3-E142-46F2-9DD5-C78BEBB56B7A}
	EndProjectSection
EndProject
Project("{8BC9CEB8-8B4A-11D0-8D11-00A0C91BC942}") = "SDL2", "..\external\SDL2-2.32.10\SDL.vcxproj", "{81CE8DAF-EBB2-4761-8E45-B71ABCCA8C68}"
EndProject
Project("{8BC9CEB8-8B4A-11D0-8D11-00A0C91BC942}") = "SDL2_image", "..\external\SDL2_image-2.8.9\SDL_image.vcxproj", "{2BD5534E-00E2-4BEA-AC96-D9A92EA24696}"
EndProject
Project("{8BC9CEB8-8B4A-11D0-8D11-00A0C91BC942}") = "SDL2_ttf", "..\external\SDL2_ttf-2.24.0\SDL_ttf.vcxproj", "{DDDBD07D-DC76-4AF6-8D02-3E2DEB6EE255}"
EndProject
Project("{8BC9CEB8-8B4A-11D0-8D11-00A0C91BC942}") = "SDL2main", "..\external\SDL2-2.32.10\SDLmain.vcxproj", "{DA956FD3-E142-46F2-9DD5-C78BEBB56B7A}"
EndProject
Global
	GlobalSection(SolutionConfigurationPlatforms) = preSolution
		Debug|Win32 = Debug|Win32
		Release|Win32 = Release|Win32
	EndGlobalSection
	GlobalSection(ProjectConfigurationPlatforms) = postSolution
		{990DE798-E73E-4328-B880-601C46CB5B08}.Debug|Win32.ActiveCfg = Debug|Win32
		{990DE798-E73E-4328-B880-601C46CB5B08}.Debug|Win32.Build.0 = Debug|Win32
		{990DE798-E73E-4328-B880-601C46CB5B08}.Release|Win32.ActiveCfg = Release|Win32
		{990DE798-E73E-4328-B880-601C46CB5B08}.Release|Win32.Build.0 = Release|Win32
		{B74D8420-D90E-4490-9469-C3445B7A527C}.Debug|Win32.ActiveCfg = Debug|Win32
		{B74D8420-D90E-4490-9469-C3445B7A527C}.Debug|Win32.Build.0 = Debug|Win32
		{B74D8420-D90E-4490-9469-C3445B7A527C}.Release|Win32.ActiveCfg = Release|Win32
		{B74D8420-D90E-4490-9469-C3445B7A527C}.Release|Win32.Build.0 = Release|Win32
		{1B81B158-2A87-4146-BFF0-AD7F58EAD9F6}.Debug|Win32.ActiveCfg = Debug|Win32
		{1B81B158-2A87-4146-BFF0-AD7F58EAD9F6}.Debug|Win32.Build.0 = Debug|Win32
		{1B81B158-2A87-4146-BFF0-AD7F58EAD9F6}.Release|Win32.ActiveCfg = Release|Win32
		{1B81B158-2A87-4146-BFF0-AD7F58EAD9F6}.Release|Win32.Build.0 = Release|Win32
		{7617A2A8-476B-4BF6-962E-7DDD9D496FFC}.Debug|Win32.ActiveCfg = Debug|Win32
		{7617A2A8-476B-4BF6-962E-7DDD9D496FFC}.Debug|Win32.Build.0 = Debug|Win32
		{7617A2A8-476B-4BF6-962E-7DDD9D496FFC}.Release|Win32.ActiveCfg = Release|Win32
		{7617A2A8-476B-4BF6-962E-7DDD9D496FFC}.Release|Win32.Build.0 = Release|Win32
		{0B25A118-C2C8-47D2-9079-FCF152897026}.Debug|Win32.ActiveCfg = Debug|Win32
		{0B25A118-C2C8-47D2-9079-FCF152897026}.Debug|Win32.Build.0 = Debug|Win32
		{0B25A118-C2C8-47D2-9079-FCF152897026}.Release|Win32.ActiveCfg = Release|Win32
		{0B25A118-C2C8-47D2-9079-FCF152897026}.Release|Win32.Build.0 = Release|Win32
		{934ACF7A-A021-4F82-963E-C9CE687D14A7}.Debug|Win32.ActiveCfg = Debug|Win32
		{934ACF7A-A021-4F82-963E-C9CE687D14A7}.Debug|Win32.Build.0 = Debug|Win32
		{934ACF7A-A021-4F82-963E-C9CE687D14A7}.Release|Win32.ActiveCfg = Release|Win32
		{934ACF7A-A021-4F82-963E-C9CE687D14A7}.Release|Win32.Build.0 = Release|Win32
		{53F600D3-8F2A-49DF-B59E-C490FCC69A67}.Debug|Win32.ActiveCfg = Debug|Win32
		{53F600D3-8F2A-49DF-B59E-C490FCC69A67}.Debug|Win32.Build.0 = Debug|Win32
		{53F600D3-8F2A-49DF-B59E-C490FCC69A67}.Release|Win32.ActiveCfg = Release|Win32
		{53F600D3-8F2A-49DF-B59E-C490FCC69A67}.Release|Win32.Build.0 = Release|Win32
		{C6CDE82B-BF65-42F7-9D06-CD9DE67A9217}.Debug|Win32.ActiveCfg = Debug|Win32
		{C6CDE82B-BF65-42F7-9D06-CD9DE67A9217}.Debug|Win32.Build.0 = Debug|Win32
		{C6CDE82B-BF65-42F7-9D06-CD9DE67A9217}.Release|Win32.ActiveCfg = Release|Win32
		{C6CDE82B-BF65-42F7-9D06-CD9DE67A9217}.Release|Win32.Build.0 = Release|Win32
		{4CF8DAE5-E082-4335-B8E7-23C77C3474DF}.Debug|Win32.ActiveCfg = Debug|Win32
		{4CF8DAE5-E082-4335-B8E7-23C77C3474DF}.Debug|Win32.Build.0 = Debug|Win32
		{4CF8DAE5-E082-4335-B8E7-23C77C3474DF}.Release|Win32.ActiveCfg = Release|Win32
		{4CF8DAE5-E082-4335-B8E7-23C77C3474DF}.Release|Win32.Build.0 = Release|Win32
		{822DB29B-50FA-4B68-BA08-285687EC8355}.Debug|Win32.ActiveCfg = Debug|Win32
		{822DB29B-50FA-4B68-BA08-285687EC8355}.Debug|Win32.Build.0 = Debug|Win32
		{822DB29B-50FA-4B68-BA08-285687EC8355}.Release|Win32.ActiveCfg = Release|Win32
		{822DB29B-50FA-4B68-BA08-285687EC8355}.Release|Win32.Build.0 = Release|Win32
		{1C2BBF84-4DC3-40D5-B8A5-E52047FBB7EB}.Debug|Win32.ActiveCfg = Debug|Win32
		{1C2BBF84-4DC3-40D5-B8A5-E52047FBB7EB}.Debug|Win32.Build.0 = Debug|Win32
		{1C2BBF84-4DC3-40D5-B8A5-E52047FBB7EB}.Release|Win32.ActiveCfg = Release|Win32
		{1C2BBF84-4DC3-40D5-B8A5-E52047FBB7EB}.Release|Win32.Build.0 = Release|Win32
		{7630B83C-E138-4868-8429-2E66C3225DC1}.Debug|Win32.ActiveCfg = Debug|Win32
		{7630B83C-E138-4868-8429-2E66C3225DC1}.Debug|Win32.Build.0 = Debug|Win32
		{7630B83C-E138-4868-8429-2E66C3225DC1}.Release|Win32.ActiveCfg = Release|Win32
		{7630B83C-E138-4868-8429-2E66C3225DC1}.Release|Win32.Build.0 = Release|Win32
		{AE48C2D9-4F2D-409E-B55E-0169573FCBB1}.Debug|Win32.ActiveCfg = Debug|Win32
		{AE48C2D9-4F2D-409E-B55E-0169573FCBB1}.Debug|Win32.Build.0 = Debug|Win32
		{AE48C2D9-4F2D-409E-B55E-0169573FCBB1}.Release|Win32.ActiveCfg = Release|Win32
		{AE48C2D9-4F2D-409E-B55E-0169573FCBB1}.Release|Win32.Build.0 = Release|Win32
		{2B465403-1FE3-4D88-94FA-D2B88AB3D7BB}.Debug|Win32.ActiveCfg = Debug|Win32
		{2B465403-1FE3-4D88-94FA-D2B88AB3D7BB}.Debug|Win32.Build.0 = Debug|Win32
		{2B465403-1FE3-4D88-94FA-D2B88AB3D7BB}.Release|Win32.ActiveCfg = Release|Win32
		{2B465403-1FE3-4D88-94FA-D2B88AB3D7BB}.Release|Win32.Build.0 = Release|Win32
		{EE7A5B5C-D065-4A91-8979-EE5E631D07FB}.Debug|Win32.ActiveCfg = Debug|Win32
		{EE7A5B5C-D065-4A91-8979-EE5E631D07FB}.Debug|Win32.Build.0 = Debug|Win32
		{EE7A5B5C-D065-4A91-8979-EE5E631D07FB}.Release|Win32.ActiveCfg = Release|Win32
		{EE7A5B5C-D065-4A91-8979-EE5E631D07FB}.Release|Win32.Build.0 = Release|Win32
		{81CE8DAF-EBB2-4761-8E45-B71ABCCA8C68}.Debug|Win32.ActiveCfg = Debug|Win32
		{81CE8DAF-EBB2-4761-8E45-B71ABCCA8C68}.Debug|Win32.Build.0 = Debug|Win32
		{81CE8DAF-EBB2-4761-8E45-B71ABCCA8C68}.Release|Win32.ActiveCfg = Release|Win32
		{81CE8DAF-EBB2-4761-8E45-B71ABCCA8C68}.Release|Win32.Build.0 = Release|Win32
		{2BD5534E-00E2-4BEA-AC96-D9A92EA24696}.Debug|Win32.ActiveCfg = Debug|Win32
		{2BD5534E-00E2-4BEA-AC96-D9A92EA24696}.Debug|Win32.Build.0 = Debug|Win32
		{2BD5534E-00E2-4BEA-AC96-D9A92EA24696}.Release|Win32.ActiveCfg = Release|Win32
		{2BD5534E-00E2-4BEA-AC96-D9A92EA24696}.Release|Win32.Build.0 = Release|Win32
		{DDDBD07D-DC76-4AF6-8D02-3E2DEB6EE255}.Debug|Win32.ActiveCfg = Debug|Win32
		{DDDBD07D-DC76-4AF6-8D02-3E2DEB6EE255}.Debug|Win32.Build.0 = Debug|Win32
		{DDDBD07D-DC76-4AF6-8D02-3E2DEB6EE255}.Release|Win32.ActiveCfg = Release|Win32
		{DDDBD07D-DC76-4AF6-8D02-3E2DEB6EE255}.Release|Win32.Build.0 = Release|Win32
		{DA956FD3-E142-46F2-9DD5-C78BEBB56B7A}.Debug|Win32.ActiveCfg = Debug|Win32
		{DA956FD3-E142-46F2-9DD5-C78BEBB56B7A}.Debug|Win32.Build.0 = Debug|Win32
		{DA956FD3-E142-46F2-9DD5-C78BEBB56B7A}.Release|Win32.ActiveCfg = Release|Win32
		{DA956FD3-E142-46F2-9DD5-C78BEBB56B7A}.Release|Win32.Build.0 = Release|Win32
	EndGlobalSection
	GlobalSection(SolutionProperties) = preSolution
		HideSolutionNode = FALSE
	EndGlobalSection
EndGlobal
